// !$*UTF8*$!
{
	archiveVersion = 1;
	classes = {
	};
	objectVersion = 46;
	objects = {

/* Begin PBXBuildFile section */
		E01CE7141B771F2F00175CB1 /* AppDelegate.swift in Sources */ = {isa = PBXBuildFile; fileRef = E01CE7131B771F2F00175CB1 /* AppDelegate.swift */; };
		E01CE7161B771F2F00175CB1 /* ViewController.swift in Sources */ = {isa = PBXBuildFile; fileRef = E01CE7151B771F2F00175CB1 /* ViewController.swift */; };
		E01CE7191B771F2F00175CB1 /* Main.storyboard in Resources */ = {isa = PBXBuildFile; fileRef = E01CE7171B771F2F00175CB1 /* Main.storyboard */; };
		E01CE71B1B771F2F00175CB1 /* Assets.xcassets in Resources */ = {isa = PBXBuildFile; fileRef = E01CE71A1B771F2F00175CB1 /* Assets.xcassets */; };
		E01CE71E1B771F2F00175CB1 /* LaunchScreen.storyboard in Resources */ = {isa = PBXBuildFile; fileRef = E01CE71C1B771F2F00175CB1 /* LaunchScreen.storyboard */; };
/* End PBXBuildFile section */

/* Begin PBXFileReference section */
		E01CE7101B771F2F00175CB1 /* 1 Hour Swift Tutorial.app */ = {isa = PBXFileReference; explicitFileType = wrapper.application; includeInIndex = 0; path = "1 Hour Swift Tutorial.app"; sourceTree = BUILT_PRODUCTS_DIR; };
		E01CE7131B771F2F00175CB1 /* AppDelegate.swift */ = {isa = PBXFileReference; lastKnownFileType = sourcecode.swift; path = AppDelegate.swift; sourceTree = "<group>"; };
		E01CE7151B771F2F00175CB1 /* ViewController.swift */ = {isa = PBXFileReference; lastKnownFileType = sourcecode.swift; path = ViewController.swift; sourceTree = "<group>"; };
		E01CE7181B771F2F00175CB1 /* Base */ = {isa = PBXFileReference; lastKnownFileType = file.storyboard; name = Base; path = Base.lproj/Main.storyboard; sourceTree = "<group>"; };
		E01CE71A1B771F2F00175CB1 /* Assets.xcassets */ = {isa = PBXFileReference; lastKnownFileType = folder.assetcatalog; path = Assets.xcassets; sourceTree = "<group>"; };
		E01CE71D1B771F2F00175CB1 /* Base */ = {isa = PBXFileReference; lastKnownFileType = file.storyboard; name = Base; path = Base.lproj/LaunchScreen.storyboard; sourceTree = "<group>"; };
		E01CE71F1B771F2F00175CB1 /* Info.plist */ = {isa = PBXFileReference; lastKnownFileType = text.plist.xml; path = Info.plist; sourceTree = "<group>"; };
/* End PBXFileReference section */

/* Begin PBXFrameworksBuildPhase section */
		E01CE70D1B771F2F00175CB1 /* Frameworks */ = {
			isa = PBXFrameworksBuildPhase;
			buildActionMask = 2147483647;
			files = (
			);
			runOnlyForDeploymentPostprocessing = 0;
		};
/* End PBXFrameworksBuildPhase section */

/* Begin PBXGroup section */
		E01CE7071B771F2F00175CB1 = {
			isa = PBXGroup;
			children = (
				E01CE7121B771F2F00175CB1 /* 1 Hour Swift Tutorial */,
				E01CE7111B771F2F00175CB1 /* Products */,
			);
			sourceTree = "<group>";
		};
		E01CE7111B771F2F00175CB1 /* Products */ = {
			isa = PBXGroup;
			children = (
				E01CE7101B771F2F00175CB1 /* 1 Hour Swift Tutorial.app */,
			);
			name = Products;
			sourceTree = "<group>";
		};
		E01CE7121B771F2F00175CB1 /* 1 Hour Swift Tutorial */ = {
			isa = PBXGroup;
			children = (
				E01CE7131B771F2F00175CB1 /* AppDelegate.swift */,
				E01CE7151B771F2F00175CB1 /* ViewController.swift */,
				E01CE7171B771F2F00175CB1 /* Main.storyboard */,
				E01CE71A1B771F2F00175CB1 /* Assets.xcassets */,
				E01CE71C1B771F2F00175CB1 /* LaunchScreen.storyboard */,
				E01CE71F1B771F2F00175CB1 /* Info.plist */,
			);
			path = "1 Hour Swift Tutorial";
			sourceTree = "<group>";
		};
/* End PBXGroup section */

/* Begin PBXNativeTarget section */
		E01CE70F1B771F2F00175CB1 /* 1 Hour Swift Tutorial */ = {
			isa = PBXNativeTarget;
			buildConfigurationList = E01CE7221B771F2F00175CB1 /* Build configuration list for PBXNativeTarget "1 Hour Swift Tutorial" */;
			buildPhases = (
				E01CE70C1B771F2F00175CB1 /* Sources */,
				E01CE70D1B771F2F00175CB1 /* Frameworks */,
				E01CE70E1B771F2F00175CB1 /* Resources */,
			);
			buildRules = (
			);
			dependencies = (
			);
			name = "1 Hour Swift Tutorial";
			productName = "1 Hour Swift Tutorial";
			productReference = E01CE7101B771F2F00175CB1 /* 1 Hour Swift Tutorial.app */;
			productType = "com.apple.product-type.application";
		};
/* End PBXNativeTarget section */

/* Begin PBXProject section */
		E01CE7081B771F2F00175CB1 /* Project object */ = {
			isa = PBXProject;
			attributes = {
				LastUpgradeCheck = 0700;
				ORGANIZATIONNAME = "Ashley Donohoe";
				TargetAttributes = {
					E01CE70F1B771F2F00175CB1 = {
						CreatedOnToolsVersion = 7.0;
					};
				};
			};
			buildConfigurationList = E01CE70B1B771F2F00175CB1 /* Build configuration list for PBXProject "1 Hour Swift Tutorial" */;
			compatibilityVersion = "Xcode 3.2";
			developmentRegion = English;
			hasScannedForEncodings = 0;
			knownRegions = (
				en,
				Base,
			);
			mainGroup = E01CE7071B771F2F00175CB1;
			productRefGroup = E01CE7111B771F2F00175CB1 /* Products */;
			projectDirPath = "";
			projectRoot = "";
			targets = (
				E01CE70F1B771F2F00175CB1 /* 1 Hour Swift Tutorial */,
			);
		};
/* End PBXProject section */

/* Begin PBXResourcesBuildPhase section */
		E01CE70E1B771F2F00175CB1 /* Resources */ = {
			isa = PBXResourcesBuildPhase;
			buildActionMask = 2147483647;
			files = (
				E01CE71E1B771F2F00175CB1 /* LaunchScreen.storyboard in Resources */,
				E01CE71B1B771F2F00175CB1 /* Assets.xcassets in Resources */,
				E01CE7191B771F2F00175CB1 /* Main.storyboard in Resources */,
			);
			runOnlyForDeploymentPostprocessing = 0;
		};
/* End PBXResourcesBuildPhase section */

/* Begin PBXSourcesBuildPhase section */
		E01CE70C1B771F2F00175CB1 /* Sources */ = {
			isa = PBXSourcesBuildPhase;
			buildActionMask = 2147483647;
			files = (
				E01CE7161B771F2F00175CB1 /* ViewController.swift in Sources */,
				E01CE7141B771F2F00175CB1 /* AppDelegate.swift in Sources */,
			);
			runOnlyForDeploymentPostprocessing = 0;
		};
/* End PBXSourcesBuildPhase section */

/* Begin PBXVariantGroup section */
		E01CE7171B771F2F00175CB1 /* Main.storyboard */ = {
			isa = PBXVariantGroup;
			children = (
				E01CE7181B771F2F00175CB1 /* Base */,
			);
			name = Main.storyboard;
			sourceTree = "<group>";
		};
		E01CE71C1B771F2F00175CB1 /* LaunchScreen.storyboard */ = {
			isa = PBXVariantGroup;
			children = (
				E01CE71D1B771F2F00175CB1 /* Base */,
			);
			name = LaunchScreen.storyboard;
			sourceTree = "<group>";
		};
/* End PBXVariantGroup section */

/* Begin XCBuildConfiguration section */
		E01CE7201B771F2F00175CB1 /* Debug */ = {
			isa = XCBuildConfiguration;
			buildSettings = {
				ALWAYS_SEARCH_USER_PATHS = NO;
				CLANG_CXX_LANGUAGE_STANDARD = "gnu++0x";
				CLANG_CXX_LIBRARY = "libc++";
				CLANG_ENABLE_MODULES = YES;
				CLANG_ENABLE_OBJC_ARC = YES;
				CLANG_WARN_BOOL_CONVERSION = YES;
				CLANG_WARN_CONSTANT_CONVERSION = YES;
				CLANG_WARN_DIRECT_OBJC_ISA_USAGE = YES_ERROR;
				CLANG_WARN_EMPTY_BODY = YES;
				CLANG_WARN_ENUM_CONVERSION = YES;
				CLANG_WARN_INT_CONVERSION = YES;
				CLANG_WARN_OBJC_ROOT_CLASS = YES_ERROR;
				CLANG_WARN_UNREACHABLE_CODE = YES;
				CLANG_WARN__DUPLICATE_METHOD_MATCH = YES;
				"CODE_SIGN_IDENTITY[sdk=iphoneos*]" = "iPhone Developer";
				COPY_PHASE_STRIP = NO;
				DEBUG_INFORMATION_FORMAT = dwarf;
				ENABLE_STRICT_OBJC_MSGSEND = YES;
				ENABLE_TESTABILITY = YES;
				GCC_C_LANGUAGE_STANDARD = gnu99;
				GCC_DYNAMIC_NO_PIC = NO;
				GCC_NO_COMMON_BLOCKS = YES;
				GCC_OPTIMIZATION_LEVEL = 0;
				GCC_PREPROCESSOR_DEFINITIONS = (
					"DEBUG=1",
					"$(inherited)",
				);
				GCC_WARN_64_TO_32_BIT_CONVERSION = YES;
				GCC_WARN_ABOUT_RETURN_TYPE = YES_ERROR;
				GCC_WARN_UNDECLARED_SELECTOR = YES;
				GCC_WARN_UNINITIALIZED_AUTOS = YES_AGGRESSIVE;
				GCC_WARN_UNUSED_FUNCTION = YES;
				GCC_WARN_UNUSED_VARIABLE = YES;
				IPHONEOS_DEPLOYMENT_TARGET = 9.0;
				MTL_ENABLE_DEBUG_INFO = YES;
				ONLY_ACTIVE_ARCH = YES;
				SDKROOT = iphoneos;
				SWIFT_OPTIMIZATION_LEVEL = "-Onone";
			};
			name = Debug;
		};
		E01CE7211B771F2F00175CB1 /* Release */ = {
			isa = XCBuildConfiguration;
			buildSettings = {
				ALWAYS_SEARCH_USER_PATHS = NO;
				CLANG_CXX_LANGUAGE_STANDARD = "gnu++0x";
				CLANG_CXX_LIBRARY = "libc++";
				CLANG_ENABLE_MODULES = YES;
				CLANG_ENABLE_OBJC_ARC = YES;
				CLANG_WARN_BOOL_CONVERSION = YES;
				CLANG_WARN_CONSTANT_CONVERSION = YES;
				CLANG_WARN_DIRECT_OBJC_ISA_USAGE = YES_ERROR;
				CLANG_WARN_EMPTY_BODY = YES;
				CLANG_WARN_ENUM_CONVERSION = YES;
				CLANG_WARN_INT_CONVERSION = YES;
				CLANG_WARN_OBJC_ROOT_CLASS = YES_ERROR;
				CLANG_WARN_UNREACHABLE_CODE = YES;
				CLANG_WARN__DUPLICATE_METHOD_MATCH = YES;
				"CODE_SIGN_IDENTITY[sdk=iphoneos*]" = "iPhone Developer";
				COPY_PHASE_STRIP = NO;
				DEBUG_INFORMATION_FORMAT = "dwarf-with-dsym";
				ENABLE_NS_ASSERTIONS = NO;
				ENABLE_STRICT_OBJC_MSGSEND = YES;
				GCC_C_LANGUAGE_STANDARD = gnu99;
				GCC_NO_COMMON_BLOCKS = YES;
				GCC_WARN_64_TO_32_BIT_CONVERSION = YES;
				GCC_WARN_ABOUT_RETURN_TYPE = YES_ERROR;
				GCC_WARN_UNDECLARED_SELECTOR = YES;
				GCC_WARN_UNINITIALIZED_AUTOS = YES_AGGRESSIVE;
				GCC_WARN_UNUSED_FUNCTION = YES;
				GCC_WARN_UNUSED_VARIABLE = YES;
				IPHONEOS_DEPLOYMENT_TARGET = 9.0;
				MTL_ENABLE_DEBUG_INFO = NO;
				SDKROOT = iphoneos;
				VALIDATE_PRODUCT = YES;
			};
			name = Release;
		};
		E01CE7231B771F2F00175CB1 /* Debug */ = {
			isa = XCBuildConfiguration;
			buildSettings = {
				ASSETCATALOG_COMPILER_APPICON_NAME = AppIcon;
				INFOPLIST_FILE = "1 Hour Swift Tutorial/Info.plist";
				LD_RUNPATH_SEARCH_PATHS = "$(inherited) @executable_path/Frameworks";
				PRODUCT_BUNDLE_IDENTIFIER = "com.ashleyddesigns.--Hour-Swift-Tutorial";
				PRODUCT_NAME = "$(TARGET_NAME)";
			};
			name = Debug;
		};
		E01CE7241B771F2F00175CB1 /* Release */ = {
			isa = XCBuildConfiguration;
			buildSettings = {
				ASSETCATALOG_COMPILER_APPICON_NAME = AppIcon;
				INFOPLIST_FILE = "1 Hour Swift Tutorial/Info.plist";
				LD_RUNPATH_SEARCH_PATHS = "$(inherited) @executable_path/Frameworks";
				PRODUCT_BUNDLE_IDENTIFIER = "com.ashleyddesigns.--Hour-Swift-Tutorial";
				PRODUCT_NAME = "$(TARGET_NAME)";
			};
			name = Release;
		};
/* End XCBuildConfiguration section */

/* Begin XCConfigurationList section */
		E01CE70B1B771F2F00175CB1 /* Build configuration list for PBXProject "1 Hour Swift Tutorial" */ = {
			isa = XCConfigurationList;
			buildConfigurations = (
				E01CE7201B771F2F00175CB1 /* Debug */,
				E01CE7211B771F2F00175CB1 /* Release */,
			);
			defaultConfigurationIsVisible = 0;
			defaultConfigurationName = Release;
		};
		E01CE7221B771F2F00175CB1 /* Build configuration list for PBXNativeTarget "1 Hour Swift Tutorial" */ = {
			isa = XCConfigurationList;
			buildConfigurations = (
				E01CE7231B771F2F00175CB1 /* Debug */,
				E01CE7241B771F2F00175CB1 /* Release */,
			);
			defaultConfigurationIsVisible = 0;
		};
/* End XCConfigurationList section */
	};
	rootObject = E01CE7081B771F2F00175CB1 /* Project object */;
}
